<?xml version="1.0" encoding="utf-8"?>
<Project ToolsVersion="4.0" xmlns="http://schemas.microsoft.com/developer/msbuild/2003">
  <ItemGroup>
    <Filter Include="Source Files">
      <UniqueIdentifier>{4FC737F1-C7A5-4376-A066-2A32D752A2FF}</UniqueIdentifier>
      <Extensions>cpp;c;cc;cxx;def;odl;idl;hpj;bat;asm;asmx</Extensions>
    </Filter>
    <Filter Include="Header Files">
      <UniqueIdentifier>{93995380-89BD-4b04-88EB-625FBE52EBFB}</UniqueIdentifier>
      <Extensions>h;hh;hpp;hxx;hm;inl;inc;ipp;xsd</Extensions>
    </Filter>
    <Filter Include="Resource Files">
      <UniqueIdentifier>{67DA6AB6-F800-4c08-8B7A-83BB121AAD01}</UniqueIdentifier>
      <Extensions>rc;ico;cur;bmp;dlg;rc2;rct;bin;rgs;gif;jpg;jpeg;jpe;resx;tiff;tif;png;wav;mfcribbon-ms</Extensions>
    </Filter>
    <Filter Include="Header Files\Helpers">
      <UniqueIdentifier>{d0009043-58c9-4320-9dbd-f2fa7ccd1ad5}</UniqueIdentifier>
    </Filter>
    <Filter Include="Header Files\Attacks">
      <UniqueIdentifier>{c6b044a5-0695-4a94-859d-0dc5080feea4}</UniqueIdentifier>
    </Filter>
    <Filter Include="Source Files\Helpers">
      <UniqueIdentifier>{0d1c762a-8dd3-444e-8ed6-b46255263c26}</UniqueIdentifier>
    </Filter>
    <Filter Include="Source Files\Attacks">
      <UniqueIdentifier>{c9db41e5-2495-4be4-a8ba-b230a96e379f}</UniqueIdentifier>
    </Filter>
    <Filter Include="Header Files\Masks">
      <UniqueIdentifier>{a4e3fb9b-cc98-4746-934b-42b40ddf089e}</UniqueIdentifier>
    </Filter>
    <Filter Include="Source Files\Masks">
      <UniqueIdentifier>{96b65fb4-d131-4da4-a4e3-f4746e889d08}</UniqueIdentifier>
    </Filter>
  </ItemGroup>
  <ItemGroup>
    <ClCompile Include="Source\FastMagicBitboards.cpp">
      <Filter>Source Files</Filter>
    </ClCompile>
    <ClCompile Include="Source\AttacksGeneratorBase.cpp">
      <Filter>Source Files\Attacks</Filter>
    </ClCompile>
    <ClCompile Include="Source\BishopAttacksGenerator.cpp">
      <Filter>Source Files\Attacks</Filter>
    </ClCompile>
    <ClCompile Include="Source\RookAttacksGenerator.cpp">
      <Filter>Source Files\Attacks</Filter>
    </ClCompile>
    <ClCompile Include="Source\BitOperations.cpp">
      <Filter>Source Files\Helpers</Filter>
    </ClCompile>
    <ClCompile Include="Source\BitboardOperations.cpp">
      <Filter>Source Files\Helpers</Filter>
    </ClCompile>
    <ClCompile Include="Source\MasksGeneratorBase.cpp">
      <Filter>Source Files\Masks</Filter>
    </ClCompile>
    <ClCompile Include="Source\RookMasksGenerator.cpp">
      <Filter>Source Files\Masks</Filter>
    </ClCompile>
    <ClCompile Include="Source\BishopMasksGenerator.cpp">
      <Filter>Source Files\Masks</Filter>
    </ClCompile>
  </ItemGroup>
  <ItemGroup>
    <ClInclude Include="Include\FastMagicBitboards.hpp">
      <Filter>Header Files</Filter>
    </ClInclude>
    <ClInclude Include="Include\MagicStructure.hpp">
      <Filter>Header Files</Filter>
    </ClInclude>
    <ClInclude Include="Include\AttacksGeneratorBase.hpp">
      <Filter>Header Files\Attacks</Filter>
    </ClInclude>
    <ClInclude Include="Include\RookAttacksGenerator.hpp">
      <Filter>Header Files\Attacks</Filter>
    </ClInclude>
    <ClInclude Include="Include\BishopAttacksGenerator.hpp">
      <Filter>Header Files\Attacks</Filter>
    </ClInclude>
    <ClInclude Include="Include\BitOperations.hpp">
      <Filter>Header Files\Helpers</Filter>
    </ClInclude>
    <ClInclude Include="Include\Typedefs.hpp">
      <Filter>Header Files\Helpers</Filter>
    </ClInclude>
    <ClInclude Include="Include\BitboardOperations.hpp">
      <Filter>Header Files\Helpers</Filter>
    </ClInclude>
    <ClInclude Include="Include\MasksGeneratorBase.hpp">
      <Filter>Header Files\Masks</Filter>
    </ClInclude>
    <ClInclude Include="Include\RookMasksGenerator.hpp">
      <Filter>Header Files\Masks</Filter>
    </ClInclude>
    <ClInclude Include="Include\BishopMasksGenerator.hpp">
      <Filter>Header Files\Masks</Filter>
    </ClInclude>
  </ItemGroup>
</Project>